
Microsoft Visual Studio Solution File, Format Version 12.00
# Visual Studio Version 17
VisualStudioVersion = 17.14.36127.28 d17.14
MinimumVisualStudioVersion = 10.0.40219.1
Project("{FAE04EC0-301F-11D3-BF4B-00C04F79EFBC}") = "ConstructorAssignment", "ConstructorAssignment.csproj", "{D44EECDF-0AB9-427F-9543-75456EB71BCD}"
EndProject
Global
	GlobalSection(SolutionConfigurationPlatforms) = preSolution
		Debug|Any CPU = Debug|Any CPU
		Release|Any CPU = Release|Any CPU
	EndGlobalSection
	GlobalSection(ProjectConfigurationPlatforms) = postSolution
		{D44EECDF-0AB9-427F-9543-75456EB71BCD}.Debug|Any CPU.ActiveCfg = Debug|Any CPU
		{D44EECDF-0AB9-427F-9543-75456EB71BCD}.Debug|Any CPU.Build.0 = Debug|Any CPU
		{D44EECDF-0AB9-427F-9543-75456EB71BCD}.Release|Any CPU.ActiveCfg = Release|Any CPU
		{D44EECDF-0AB9-427F-9543-75456EB71BCD}.Release|Any CPU.Build.0 = Release|Any CPU
	EndGlobalSection
	GlobalSection(SolutionProperties) = preSolution
		HideSolutionNode = FALSE
	EndGlobalSection
	GlobalSection(ExtensibilityGlobals) = postSolution
		SolutionGuid = {ADBE547D-E945-49B2-A2A3-C922CC8BAB25}
	EndGlobalSection
EndGlobal
