
Microsoft Visual Studio Solution File, Format Version 12.00
# Visual Studio Version 17
VisualStudioVersion = 17.14.36127.28 d17.14
MinimumVisualStudioVersion = 10.0.40219.1
Project("{FAE04EC0-301F-11D3-BF4B-00C04F79EFBC}") = "CarInsurance", "CarInsurance.csproj", "{1DDC82B4-910B-46C5-BF5F-6F23D0F81BEF}"
EndProject
Project("{2150E333-8FDC-42A3-9474-1A3956D46DE8}") = "Data", "Data", "{02EA681E-C7D8-13C7-8484-4AC65E1B71E8}"
	ProjectSection(SolutionItems) = preProject
		ApplicationDbContext.cs = ApplicationDbContext.cs
	EndProjectSection
EndProject
Global
	GlobalSection(SolutionConfigurationPlatforms) = preSolution
		Debug|Any CPU = Debug|Any CPU
		Release|Any CPU = Release|Any CPU
	EndGlobalSection
	GlobalSection(ProjectConfigurationPlatforms) = postSolution
		{1DDC82B4-910B-46C5-BF5F-6F23D0F81BEF}.Debug|Any CPU.ActiveCfg = Debug|Any CPU
		{1DDC82B4-910B-46C5-BF5F-6F23D0F81BEF}.Debug|Any CPU.Build.0 = Debug|Any CPU
		{1DDC82B4-910B-46C5-BF5F-6F23D0F81BEF}.Release|Any CPU.ActiveCfg = Release|Any CPU
		{1DDC82B4-910B-46C5-BF5F-6F23D0F81BEF}.Release|Any CPU.Build.0 = Release|Any CPU
	EndGlobalSection
	GlobalSection(SolutionProperties) = preSolution
		HideSolutionNode = FALSE
	EndGlobalSection
	GlobalSection(ExtensibilityGlobals) = postSolution
		SolutionGuid = {D05AB92B-DF75-4E1A-8CDD-8CC318F2B67B}
	EndGlobalSection
EndGlobal
